// !$*UTF8*$!
{
	archiveVersion = 1;
	classes = {
	};
	objectVersion = 55;
	objects = {

/* Begin PBXBuildFile section */
		BE95508226DAFCCA00CED0C9 /* Localizable.strings in Resources */ = {isa = PBXBuildFile; fileRef = BE95508426DAFCCA00CED0C9 /* Localizable.strings */; };
		BEA2FB1C26DBA2BB008456BD /* LocalizedStringKeyExtension.swift in Sources */ = {isa = PBXBuildFile; fileRef = BEA2FB1B26DBA2BB008456BD /* LocalizedStringKeyExtension.swift */; };
		BEA2FB1E26DBA834008456BD /* Localizable.strings in Resources */ = {isa = PBXBuildFile; fileRef = BE95508426DAFCCA00CED0C9 /* Localizable.strings */; };
		BEB61B7226DAF618003BB0A4 /* LocalizationDemoApp.swift in Sources */ = {isa = PBXBuildFile; fileRef = BEB61B7126DAF618003BB0A4 /* LocalizationDemoApp.swift */; };
		BEB61B7426DAF618003BB0A4 /* ContentView.swift in Sources */ = {isa = PBXBuildFile; fileRef = BEB61B7326DAF618003BB0A4 /* ContentView.swift */; };
		BEB61B7626DAF619003BB0A4 /* Assets.xcassets in Resources */ = {isa = PBXBuildFile; fileRef = BEB61B7526DAF619003BB0A4 /* Assets.xcassets */; };
		BEB61B7926DAF619003BB0A4 /* Preview Assets.xcassets in Resources */ = {isa = PBXBuildFile; fileRef = BEB61B7826DAF619003BB0A4 /* Preview Assets.xcassets */; };
		BEB61B8326DAF619003BB0A4 /* LocalizationDemoTests.swift in Sources */ = {isa = PBXBuildFile; fileRef = BEB61B8226DAF619003BB0A4 /* LocalizationDemoTests.swift */; };
		BEB61B8D26DAF619003BB0A4 /* LocalizationDemoUITests.swift in Sources */ = {isa = PBXBuildFile; fileRef = BEB61B8C26DAF619003BB0A4 /* LocalizationDemoUITests.swift */; };
		BEB61B8F26DAF619003BB0A4 /* LocalizationDemoUITestsLaunchTests.swift in Sources */ = {isa = PBXBuildFile; fileRef = BEB61B8E26DAF619003BB0A4 /* LocalizationDemoUITestsLaunchTests.swift */; };
/* End PBXBuildFile section */

/* Begin PBXContainerItemProxy section */
		BEB61B7F26DAF619003BB0A4 /* PBXContainerItemProxy */ = {
			isa = PBXContainerItemProxy;
			containerPortal = BEB61B6626DAF618003BB0A4 /* Project object */;
			proxyType = 1;
			remoteGlobalIDString = BEB61B6D26DAF618003BB0A4;
			remoteInfo = LocalizationDemo;
		};
		BEB61B8926DAF619003BB0A4 /* PBXContainerItemProxy */ = {
			isa = PBXContainerItemProxy;
			containerPortal = BEB61B6626DAF618003BB0A4 /* Project object */;
			proxyType = 1;
			remoteGlobalIDString = BEB61B6D26DAF618003BB0A4;
			remoteInfo = LocalizationDemo;
		};
/* End PBXContainerItemProxy section */

/* Begin PBXFileReference section */
		BE95508326DAFCCA00CED0C9 /* Base */ = {isa = PBXFileReference; explicitFileType = text.plist.strings; name = Base; path = Base.lproj/Localizable.strings; sourceTree = "<group>"; };
		BE95508526DAFCE300CED0C9 /* en */ = {isa = PBXFileReference; explicitFileType = text.plist.strings; name = en; path = en.lproj/Localizable.strings; sourceTree = "<group>"; };
		BEA2FB1B26DBA2BB008456BD /* LocalizedStringKeyExtension.swift */ = {isa = PBXFileReference; lastKnownFileType = sourcecode.swift; path = LocalizedStringKeyExtension.swift; sourceTree = "<group>"; };
		BEA2FB1D26DBA4C7008456BD /* zh-Hant */ = {isa = PBXFileReference; lastKnownFileType = text.plist.strings; name = "zh-Hant"; path = "zh-Hant.lproj/Localizable.strings"; sourceTree = "<group>"; };
		BEA2FB1F26DBBC1C008456BD /* ja */ = {isa = PBXFileReference; lastKnownFileType = text.plist.strings; name = ja; path = ja.lproj/Localizable.strings; sourceTree = "<group>"; };
		BEB61B6E26DAF618003BB0A4 /* LocalizationDemo.app */ = {isa = PBXFileReference; explicitFileType = wrapper.application; includeInIndex = 0; path = LocalizationDemo.app; sourceTree = BUILT_PRODUCTS_DIR; };
		BEB61B7126DAF618003BB0A4 /* LocalizationDemoApp.swift */ = {isa = PBXFileReference; lastKnownFileType = sourcecode.swift; path = LocalizationDemoApp.swift; sourceTree = "<group>"; };
		BEB61B7326DAF618003BB0A4 /* ContentView.swift */ = {isa = PBXFileReference; lastKnownFileType = sourcecode.swift; path = ContentView.swift; sourceTree = "<group>"; };
		BEB61B7526DAF619003BB0A4 /* Assets.xcassets */ = {isa = PBXFileReference; lastKnownFileType = folder.assetcatalog; path = Assets.xcassets; sourceTree = "<group>"; };
		BEB61B7826DAF619003BB0A4 /* Preview Assets.xcassets */ = {isa = PBXFileReference; lastKnownFileType = folder.assetcatalog; path = "Preview Assets.xcassets"; sourceTree = "<group>"; };
		BEB61B7E26DAF619003BB0A4 /* LocalizationDemoTests.xctest */ = {isa = PBXFileReference; explicitFileType = wrapper.cfbundle; includeInIndex = 0; path = LocalizationDemoTests.xctest; sourceTree = BUILT_PRODUCTS_DIR; };
		BEB61B8226DAF619003BB0A4 /* LocalizationDemoTests.swift */ = {isa = PBXFileReference; lastKnownFileType = sourcecode.swift; path = LocalizationDemoTests.swift; sourceTree = "<group>"; };
		BEB61B8826DAF619003BB0A4 /* LocalizationDemoUITests.xctest */ = {isa = PBXFileReference; explicitFileType = wrapper.cfbundle; includeInIndex = 0; path = LocalizationDemoUITests.xctest; sourceTree = BUILT_PRODUCTS_DIR; };
		BEB61B8C26DAF619003BB0A4 /* LocalizationDemoUITests.swift */ = {isa = PBXFileReference; lastKnownFileType = sourcecode.swift; path = LocalizationDemoUITests.swift; sourceTree = "<group>"; };
		BEB61B8E26DAF619003BB0A4 /* LocalizationDemoUITestsLaunchTests.swift */ = {isa = PBXFileReference; lastKnownFileType = sourcecode.swift; path = LocalizationDemoUITestsLaunchTests.swift; sourceTree = "<group>"; };
/* End PBXFileReference section */

/* Begin PBXFrameworksBuildPhase section */
		BEB61B6B26DAF618003BB0A4 /* Frameworks */ = {
			isa = PBXFrameworksBuildPhase;
			buildActionMask = 2147483647;
			files = (
			);
			runOnlyForDeploymentPostprocessing = 0;
		};
		BEB61B7B26DAF619003BB0A4 /* Frameworks */ = {
			isa = PBXFrameworksBuildPhase;
			buildActionMask = 2147483647;
			files = (
			);
			runOnlyForDeploymentPostprocessing = 0;
		};
		BEB61B8526DAF619003BB0A4 /* Frameworks */ = {
			isa = PBXFrameworksBuildPhase;
			buildActionMask = 2147483647;
			files = (
			);
			runOnlyForDeploymentPostprocessing = 0;
		};
/* End PBXFrameworksBuildPhase section */

/* Begin PBXGroup section */
		BEB61B6526DAF618003BB0A4 = {
			isa = PBXGroup;
			children = (
				BE95508426DAFCCA00CED0C9 /* Localizable.strings */,
				BEB61B7026DAF618003BB0A4 /* LocalizationDemo */,
				BEB61B8126DAF619003BB0A4 /* LocalizationDemoTests */,
				BEB61B8B26DAF619003BB0A4 /* LocalizationDemoUITests */,
				BEB61B6F26DAF618003BB0A4 /* Products */,
			);
			sourceTree = "<group>";
		};
		BEB61B6F26DAF618003BB0A4 /* Products */ = {
			isa = PBXGroup;
			children = (
				BEB61B6E26DAF618003BB0A4 /* LocalizationDemo.app */,
				BEB61B7E26DAF619003BB0A4 /* LocalizationDemoTests.xctest */,
				BEB61B8826DAF619003BB0A4 /* LocalizationDemoUITests.xctest */,
			);
			name = Products;
			sourceTree = "<group>";
		};
		BEB61B7026DAF618003BB0A4 /* LocalizationDemo */ = {
			isa = PBXGroup;
			children = (
				BEB61B7126DAF618003BB0A4 /* LocalizationDemoApp.swift */,
				BEB61B7326DAF618003BB0A4 /* ContentView.swift */,
				BEB61B7526DAF619003BB0A4 /* Assets.xcassets */,
				BEB61B7726DAF619003BB0A4 /* Preview Content */,
				BEA2FB1B26DBA2BB008456BD /* LocalizedStringKeyExtension.swift */,
			);
			path = LocalizationDemo;
			sourceTree = "<group>";
		};
		BEB61B7726DAF619003BB0A4 /* Preview Content */ = {
			isa = PBXGroup;
			children = (
				BEB61B7826DAF619003BB0A4 /* Preview Assets.xcassets */,
			);
			path = "Preview Content";
			sourceTree = "<group>";
		};
		BEB61B8126DAF619003BB0A4 /* LocalizationDemoTests */ = {
			isa = PBXGroup;
			children = (
				BEB61B8226DAF619003BB0A4 /* LocalizationDemoTests.swift */,
			);
			path = LocalizationDemoTests;
			sourceTree = "<group>";
		};
		BEB61B8B26DAF619003BB0A4 /* LocalizationDemoUITests */ = {
			isa = PBXGroup;
			children = (
				BEB61B8C26DAF619003BB0A4 /* LocalizationDemoUITests.swift */,
				BEB61B8E26DAF619003BB0A4 /* LocalizationDemoUITestsLaunchTests.swift */,
			);
			path = LocalizationDemoUITests;
			sourceTree = "<group>";
		};
/* End PBXGroup section */

/* Begin PBXNativeTarget section */
		BEB61B6D26DAF618003BB0A4 /* LocalizationDemo */ = {
			isa = PBXNativeTarget;
			buildConfigurationList = BEB61B9226DAF619003BB0A4 /* Build configuration list for PBXNativeTarget "LocalizationDemo" */;
			buildPhases = (
				BEB61B6A26DAF618003BB0A4 /* Sources */,
				BEB61B6B26DAF618003BB0A4 /* Frameworks */,
				BEB61B6C26DAF618003BB0A4 /* Resources */,
			);
			buildRules = (
			);
			dependencies = (
			);
			name = LocalizationDemo;
			productName = LocalizationDemo;
			productReference = BEB61B6E26DAF618003BB0A4 /* LocalizationDemo.app */;
			productType = "com.apple.product-type.application";
		};
		BEB61B7D26DAF619003BB0A4 /* LocalizationDemoTests */ = {
			isa = PBXNativeTarget;
			buildConfigurationList = BEB61B9526DAF619003BB0A4 /* Build configuration list for PBXNativeTarget "LocalizationDemoTests" */;
			buildPhases = (
				BEB61B7A26DAF619003BB0A4 /* Sources */,
				BEB61B7B26DAF619003BB0A4 /* Frameworks */,
				BEB61B7C26DAF619003BB0A4 /* Resources */,
			);
			buildRules = (
			);
			dependencies = (
				BEB61B8026DAF619003BB0A4 /* PBXTargetDependency */,
			);
			name = LocalizationDemoTests;
			productName = LocalizationDemoTests;
			productReference = BEB61B7E26DAF619003BB0A4 /* LocalizationDemoTests.xctest */;
			productType = "com.apple.product-type.bundle.unit-test";
		};
		BEB61B8726DAF619003BB0A4 /* LocalizationDemoUITests */ = {
			isa = PBXNativeTarget;
			buildConfigurationList = BEB61B9826DAF619003BB0A4 /* Build configuration list for PBXNativeTarget "LocalizationDemoUITests" */;
			buildPhases = (
				BEB61B8426DAF619003BB0A4 /* Sources */,
				BEB61B8526DAF619003BB0A4 /* Frameworks */,
				BEB61B8626DAF619003BB0A4 /* Resources */,
			);
			buildRules = (
			);
			dependencies = (
				BEB61B8A26DAF619003BB0A4 /* PBXTargetDependency */,
			);
			name = LocalizationDemoUITests;
			productName = LocalizationDemoUITests;
			productReference = BEB61B8826DAF619003BB0A4 /* LocalizationDemoUITests.xctest */;
			productType = "com.apple.product-type.bundle.ui-testing";
		};
/* End PBXNativeTarget section */

/* Begin PBXProject section */
		BEB61B6626DAF618003BB0A4 /* Project object */ = {
			isa = PBXProject;
			attributes = {
				BuildIndependentTargetsInParallel = 1;
				LastSwiftUpdateCheck = 1300;
				LastUpgradeCheck = 1300;
				TargetAttributes = {
					BEB61B6D26DAF618003BB0A4 = {
						CreatedOnToolsVersion = 13.0;
					};
					BEB61B7D26DAF619003BB0A4 = {
						CreatedOnToolsVersion = 13.0;
						TestTargetID = BEB61B6D26DAF618003BB0A4;
					};
					BEB61B8726DAF619003BB0A4 = {
						CreatedOnToolsVersion = 13.0;
						TestTargetID = BEB61B6D26DAF618003BB0A4;
					};
				};
			};
			buildConfigurationList = BEB61B6926DAF618003BB0A4 /* Build configuration list for PBXProject "LocalizationDemo" */;
			compatibilityVersion = "Xcode 13.0";
			developmentRegion = en;
			hasScannedForEncodings = 0;
			knownRegions = (
				en,
				"zh-Hant",
				Base,
				ja,
			);
			mainGroup = BEB61B6526DAF618003BB0A4;
			productRefGroup = BEB61B6F26DAF618003BB0A4 /* Products */;
			projectDirPath = "";
			projectRoot = "";
			targets = (
				BEB61B6D26DAF618003BB0A4 /* LocalizationDemo */,
				BEB61B7D26DAF619003BB0A4 /* LocalizationDemoTests */,
				BEB61B8726DAF619003BB0A4 /* LocalizationDemoUITests */,
			);
		};
/* End PBXProject section */

/* Begin PBXResourcesBuildPhase section */
		BEB61B6C26DAF618003BB0A4 /* Resources */ = {
			isa = PBXResourcesBuildPhase;
			buildActionMask = 2147483647;
			files = (
				BEB61B7926DAF619003BB0A4 /* Preview Assets.xcassets in Resources */,
				BE95508226DAFCCA00CED0C9 /* Localizable.strings in Resources */,
				BEB61B7626DAF619003BB0A4 /* Assets.xcassets in Resources */,
			);
			runOnlyForDeploymentPostprocessing = 0;
		};
		BEB61B7C26DAF619003BB0A4 /* Resources */ = {
			isa = PBXResourcesBuildPhase;
			buildActionMask = 2147483647;
			files = (
				BEA2FB1E26DBA834008456BD /* Localizable.strings in Resources */,
			);
			runOnlyForDeploymentPostprocessing = 0;
		};
		BEB61B8626DAF619003BB0A4 /* Resources */ = {
			isa = PBXResourcesBuildPhase;
			buildActionMask = 2147483647;
			files = (
			);
			runOnlyForDeploymentPostprocessing = 0;
		};
/* End PBXResourcesBuildPhase section */

/* Begin PBXSourcesBuildPhase section */
		BEB61B6A26DAF618003BB0A4 /* Sources */ = {
			isa = PBXSourcesBuildPhase;
			buildActionMask = 2147483647;
			files = (
				BEB61B7426DAF618003BB0A4 /* ContentView.swift in Sources */,
				BEA2FB1C26DBA2BB008456BD /* LocalizedStringKeyExtension.swift in Sources */,
				BEB61B7226DAF618003BB0A4 /* LocalizationDemoApp.swift in Sources */,
			);
			runOnlyForDeploymentPostprocessing = 0;
		};
		BEB61B7A26DAF619003BB0A4 /* Sources */ = {
			isa = PBXSourcesBuildPhase;
			buildActionMask = 2147483647;
			files = (
				BEB61B8326DAF619003BB0A4 /* LocalizationDemoTests.swift in Sources */,
			);
			runOnlyForDeploymentPostprocessing = 0;
		};
		BEB61B8426DAF619003BB0A4 /* Sources */ = {
			isa = PBXSourcesBuildPhase;
			buildActionMask = 2147483647;
			files = (
				BEB61B8F26DAF619003BB0A4 /* LocalizationDemoUITestsLaunchTests.swift in Sources */,
				BEB61B8D26DAF619003BB0A4 /* LocalizationDemoUITests.swift in Sources */,
			);
			runOnlyForDeploymentPostprocessing = 0;
		};
/* End PBXSourcesBuildPhase section */

/* Begin PBXTargetDependency section */
		BEB61B8026DAF619003BB0A4 /* PBXTargetDependency */ = {
			isa = PBXTargetDependency;
			target = BEB61B6D26DAF618003BB0A4 /* LocalizationDemo */;
			targetProxy = BEB61B7F26DAF619003BB0A4 /* PBXContainerItemProxy */;
		};
		BEB61B8A26DAF619003BB0A4 /* PBXTargetDependency */ = {
			isa = PBXTargetDependency;
			target = BEB61B6D26DAF618003BB0A4 /* LocalizationDemo */;
			targetProxy = BEB61B8926DAF619003BB0A4 /* PBXContainerItemProxy */;
		};
/* End PBXTargetDependency section */

/* Begin PBXVariantGroup section */
		BE95508426DAFCCA00CED0C9 /* Localizable.strings */ = {
			isa = PBXVariantGroup;
			children = (
				BE95508326DAFCCA00CED0C9 /* Base */,
				BE95508526DAFCE300CED0C9 /* en */,
				BEA2FB1D26DBA4C7008456BD /* zh-Hant */,
				BEA2FB1F26DBBC1C008456BD /* ja */,
			);
			name = Localizable.strings;
			sourceTree = "<group>";
		};
/* End PBXVariantGroup section */

/* Begin XCBuildConfiguration section */
		BEB61B9026DAF619003BB0A4 /* Debug */ = {
			isa = XCBuildConfiguration;
			buildSettings = {
				ALWAYS_SEARCH_USER_PATHS = NO;
				CLANG_ANALYZER_NONNULL = YES;
				CLANG_ANALYZER_NUMBER_OBJECT_CONVERSION = YES_AGGRESSIVE;
				CLANG_CXX_LANGUAGE_STANDARD = "gnu++17";
				CLANG_CXX_LIBRARY = "libc++";
				CLANG_ENABLE_MODULES = YES;
				CLANG_ENABLE_OBJC_ARC = YES;
				CLANG_ENABLE_OBJC_WEAK = YES;
				CLANG_WARN_BLOCK_CAPTURE_AUTORELEASING = YES;
				CLANG_WARN_BOOL_CONVERSION = YES;
				CLANG_WARN_COMMA = YES;
				CLANG_WARN_CONSTANT_CONVERSION = YES;
				CLANG_WARN_DEPRECATED_OBJC_IMPLEMENTATIONS = YES;
				CLANG_WARN_DIRECT_OBJC_ISA_USAGE = YES_ERROR;
				CLANG_WARN_DOCUMENTATION_COMMENTS = YES;
				CLANG_WARN_EMPTY_BODY = YES;
				CLANG_WARN_ENUM_CONVERSION = YES;
				CLANG_WARN_INFINITE_RECURSION = YES;
				CLANG_WARN_INT_CONVERSION = YES;
				CLANG_WARN_NON_LITERAL_NULL_CONVERSION = YES;
				CLANG_WARN_OBJC_IMPLICIT_RETAIN_SELF = YES;
				CLANG_WARN_OBJC_LITERAL_CONVERSION = YES;
				CLANG_WARN_OBJC_ROOT_CLASS = YES_ERROR;
				CLANG_WARN_QUOTED_INCLUDE_IN_FRAMEWORK_HEADER = YES;
				CLANG_WARN_RANGE_LOOP_ANALYSIS = YES;
				CLANG_WARN_STRICT_PROTOTYPES = YES;
				CLANG_WARN_SUSPICIOUS_MOVE = YES;
				CLANG_WARN_UNGUARDED_AVAILABILITY = YES_AGGRESSIVE;
				CLANG_WARN_UNREACHABLE_CODE = YES;
				CLANG_WARN__DUPLICATE_METHOD_MATCH = YES;
				COPY_PHASE_STRIP = NO;
				DEBUG_INFORMATION_FORMAT = dwarf;
				ENABLE_STRICT_OBJC_MSGSEND = YES;
				ENABLE_TESTABILITY = YES;
				GCC_C_LANGUAGE_STANDARD = gnu11;
				GCC_DYNAMIC_NO_PIC = NO;
				GCC_NO_COMMON_BLOCKS = YES;
				GCC_OPTIMIZATION_LEVEL = 0;
				GCC_PREPROCESSOR_DEFINITIONS = (
					"DEBUG=1",
					"$(inherited)",
				);
				GCC_WARN_64_TO_32_BIT_CONVERSION = YES;
				GCC_WARN_ABOUT_RETURN_TYPE = YES_ERROR;
				GCC_WARN_UNDECLARED_SELECTOR = YES;
				GCC_WARN_UNINITIALIZED_AUTOS = YES_AGGRESSIVE;
				GCC_WARN_UNUSED_FUNCTION = YES;
				GCC_WARN_UNUSED_VARIABLE = YES;
				IPHONEOS_DEPLOYMENT_TARGET = 15.0;
				MTL_ENABLE_DEBUG_INFO = INCLUDE_SOURCE;
				MTL_FAST_MATH = YES;
				ONLY_ACTIVE_ARCH = YES;
				SDKROOT = iphoneos;
				SWIFT_ACTIVE_COMPILATION_CONDITIONS = DEBUG;
				SWIFT_OPTIMIZATION_LEVEL = "-Onone";
			};
			name = Debug;
		};
		BEB61B9126DAF619003BB0A4 /* Release */ = {
			isa = XCBuildConfiguration;
			buildSettings = {
				ALWAYS_SEARCH_USER_PATHS = NO;
				CLANG_ANALYZER_NONNULL = YES;
				CLANG_ANALYZER_NUMBER_OBJECT_CONVERSION = YES_AGGRESSIVE;
				CLANG_CXX_LANGUAGE_STANDARD = "gnu++17";
				CLANG_CXX_LIBRARY = "libc++";
				CLANG_ENABLE_MODULES = YES;
				CLANG_ENABLE_OBJC_ARC = YES;
				CLANG_ENABLE_OBJC_WEAK = YES;
				CLANG_WARN_BLOCK_CAPTURE_AUTORELEASING = YES;
				CLANG_WARN_BOOL_CONVERSION = YES;
				CLANG_WARN_COMMA = YES;
				CLANG_WARN_CONSTANT_CONVERSION = YES;
				CLANG_WARN_DEPRECATED_OBJC_IMPLEMENTATIONS = YES;
				CLANG_WARN_DIRECT_OBJC_ISA_USAGE = YES_ERROR;
				CLANG_WARN_DOCUMENTATION_COMMENTS = YES;
				CLANG_WARN_EMPTY_BODY = YES;
				CLANG_WARN_ENUM_CONVERSION = YES;
				CLANG_WARN_INFINITE_RECURSION = YES;
				CLANG_WARN_INT_CONVERSION = YES;
				CLANG_WARN_NON_LITERAL_NULL_CONVERSION = YES;
				CLANG_WARN_OBJC_IMPLICIT_RETAIN_SELF = YES;
				CLANG_WARN_OBJC_LITERAL_CONVERSION = YES;
				CLANG_WARN_OBJC_ROOT_CLASS = YES_ERROR;
				CLANG_WARN_QUOTED_INCLUDE_IN_FRAMEWORK_HEADER = YES;
				CLANG_WARN_RANGE_LOOP_ANALYSIS = YES;
				CLANG_WARN_STRICT_PROTOTYPES = YES;
				CLANG_WARN_SUSPICIOUS_MOVE = YES;
				CLANG_WARN_UNGUARDED_AVAILABILITY = YES_AGGRESSIVE;
				CLANG_WARN_UNREACHABLE_CODE = YES;
				CLANG_WARN__DUPLICATE_METHOD_MATCH = YES;
				COPY_PHASE_STRIP = NO;
				DEBUG_INFORMATION_FORMAT = "dwarf-with-dsym";
				ENABLE_NS_ASSERTIONS = NO;
				ENABLE_STRICT_OBJC_MSGSEND = YES;
				GCC_C_LANGUAGE_STANDARD = gnu11;
				GCC_NO_COMMON_BLOCKS = YES;
				GCC_WARN_64_TO_32_BIT_CONVERSION = YES;
				GCC_WARN_ABOUT_RETURN_TYPE = YES_ERROR;
				GCC_WARN_UNDECLARED_SELECTOR = YES;
				GCC_WARN_UNINITIALIZED_AUTOS = YES_AGGRESSIVE;
				GCC_WARN_UNUSED_FUNCTION = YES;
				GCC_WARN_UNUSED_VARIABLE = YES;
				IPHONEOS_DEPLOYMENT_TARGET = 15.0;
				MTL_ENABLE_DEBUG_INFO = NO;
				MTL_FAST_MATH = YES;
				SDKROOT = iphoneos;
				SWIFT_COMPILATION_MODE = wholemodule;
				SWIFT_OPTIMIZATION_LEVEL = "-O";
				VALIDATE_PRODUCT = YES;
			};
			name = Release;
		};
		BEB61B9326DAF619003BB0A4 /* Debug */ = {
			isa = XCBuildConfiguration;
			buildSettings = {
				ASSETCATALOG_COMPILER_APPICON_NAME = AppIcon;
				ASSETCATALOG_COMPILER_GLOBAL_ACCENT_COLOR_NAME = AccentColor;
				CODE_SIGN_STYLE = Automatic;
				CURRENT_PROJECT_VERSION = 1;
				DEVELOPMENT_ASSET_PATHS = "\"LocalizationDemo/Preview Content\"";
				DEVELOPMENT_TEAM = KPA26N4668;
				ENABLE_PREVIEWS = YES;
				GENERATE_INFOPLIST_FILE = YES;
				INFOPLIST_KEY_UIApplicationSceneManifest_Generation = YES;
				INFOPLIST_KEY_UIApplicationSupportsIndirectInputEvents = YES;
				INFOPLIST_KEY_UILaunchScreen_Generation = YES;
				INFOPLIST_KEY_UISupportedInterfaceOrientations_iPad = "UIInterfaceOrientationPortrait UIInterfaceOrientationPortraitUpsideDown UIInterfaceOrientationLandscapeLeft UIInterfaceOrientationLandscapeRight";
				INFOPLIST_KEY_UISupportedInterfaceOrientations_iPhone = "UIInterfaceOrientationPortrait UIInterfaceOrientationLandscapeLeft UIInterfaceOrientationLandscapeRight";
				IPHONEOS_DEPLOYMENT_TARGET = 14.0;
				LD_RUNPATH_SEARCH_PATHS = (
					"$(inherited)",
					"@executable_path/Frameworks",
				);
				MARKETING_VERSION = 1.0;
				PRODUCT_BUNDLE_IDENTIFIER = com.sample.LocalizationDemo;
				PRODUCT_NAME = "$(TARGET_NAME)";
				SWIFT_EMIT_LOC_STRINGS = YES;
				SWIFT_VERSION = 5.0;
				TARGETED_DEVICE_FAMILY = "1,2";
			};
			name = Debug;
		};
		BEB61B9426DAF619003BB0A4 /* Release */ = {
			isa = XCBuildConfiguration;
			buildSettings = {
				ASSETCATALOG_COMPILER_APPICON_NAME = AppIcon;
				ASSETCATALOG_COMPILER_GLOBAL_ACCENT_COLOR_NAME = AccentColor;
				CODE_SIGN_STYLE = Automatic;
				CURRENT_PROJECT_VERSION = 1;
				DEVELOPMENT_ASSET_PATHS = "\"LocalizationDemo/Preview Content\"";
				DEVELOPMENT_TEAM = KPA26N4668;
				ENABLE_PREVIEWS = YES;
				GENERATE_INFOPLIST_FILE = YES;
				INFOPLIST_KEY_UIApplicationSceneManifest_Generation = YES;
				INFOPLIST_KEY_UIApplicationSupportsIndirectInputEvents = YES;
				INFOPLIST_KEY_UILaunchScreen_Generation = YES;
				INFOPLIST_KEY_UISupportedInterfaceOrientations_iPad = "UIInterfaceOrientationPortrait UIInterfaceOrientationPortraitUpsideDown UIInterfaceOrientationLandscapeLeft UIInterfaceOrientationLandscapeRight";
				INFOPLIST_KEY_UISupportedInterfaceOrientations_iPhone = "UIInterfaceOrientationPortrait UIInterfaceOrientationLandscapeLeft UIInterfaceOrientationLandscapeRight";
				IPHONEOS_DEPLOYMENT_TARGET = 14.0;
				LD_RUNPATH_SEARCH_PATHS = (
					"$(inherited)",
					"@executable_path/Frameworks",
				);
				MARKETING_VERSION = 1.0;
				PRODUCT_BUNDLE_IDENTIFIER = com.sample.LocalizationDemo;
				PRODUCT_NAME = "$(TARGET_NAME)";
				SWIFT_EMIT_LOC_STRINGS = YES;
				SWIFT_VERSION = 5.0;
				TARGETED_DEVICE_FAMILY = "1,2";
			};
			name = Release;
		};
		BEB61B9626DAF619003BB0A4 /* Debug */ = {
			isa = XCBuildConfiguration;
			buildSettings = {
				ALWAYS_EMBED_SWIFT_STANDARD_LIBRARIES = YES;
				BUNDLE_LOADER = "$(TEST_HOST)";
				"CODE_SIGN_IDENTITY[sdk=macosx*]" = "-";
				CODE_SIGN_STYLE = Automatic;
				CURRENT_PROJECT_VERSION = 1;
				DEVELOPMENT_TEAM = KPA26N4668;
				GENERATE_INFOPLIST_FILE = YES;
				IPHONEOS_DEPLOYMENT_TARGET = 14.0;
				LD_RUNPATH_SEARCH_PATHS = (
					"$(inherited)",
					"@executable_path/Frameworks",
					"@loader_path/Frameworks",
				);
				MARKETING_VERSION = 1.0;
				PRODUCT_BUNDLE_IDENTIFIER = com.sample.LocalizationDemoTests;
				PRODUCT_NAME = "$(TARGET_NAME)";
				SWIFT_EMIT_LOC_STRINGS = NO;
				SWIFT_VERSION = 5.0;
				TARGETED_DEVICE_FAMILY = "1,2";
				TEST_HOST = "$(BUILT_PRODUCTS_DIR)/LocalizationDemo.app/LocalizationDemo";
			};
			name = Debug;
		};
		BEB61B9726DAF619003BB0A4 /* Release */ = {
			isa = XCBuildConfiguration;
			buildSettings = {
				ALWAYS_EMBED_SWIFT_STANDARD_LIBRARIES = YES;
				BUNDLE_LOADER = "$(TEST_HOST)";
				"CODE_SIGN_IDENTITY[sdk=macosx*]" = "-";
				CODE_SIGN_STYLE = Automatic;
				CURRENT_PROJECT_VERSION = 1;
				DEVELOPMENT_TEAM = KPA26N4668;
				GENERATE_INFOPLIST_FILE = YES;
				IPHONEOS_DEPLOYMENT_TARGET = 14.0;
				LD_RUNPATH_SEARCH_PATHS = (
					"$(inherited)",
					"@executable_path/Frameworks",
					"@loader_path/Frameworks",
				);
				MARKETING_VERSION = 1.0;
				PRODUCT_BUNDLE_IDENTIFIER = com.sample.LocalizationDemoTests;
				PRODUCT_NAME = "$(TARGET_NAME)";
				SWIFT_EMIT_LOC_STRINGS = NO;
				SWIFT_VERSION = 5.0;
				TARGETED_DEVICE_FAMILY = "1,2";
				TEST_HOST = "$(BUILT_PRODUCTS_DIR)/LocalizationDemo.app/LocalizationDemo";
			};
			name = Release;
		};
		BEB61B9926DAF619003BB0A4 /* Debug */ = {
			isa = XCBuildConfiguration;
			buildSettings = {
				ALWAYS_EMBED_SWIFT_STANDARD_LIBRARIES = YES;
				"CODE_SIGN_IDENTITY[sdk=macosx*]" = "-";
				CODE_SIGN_STYLE = Automatic;
				CURRENT_PROJECT_VERSION = 1;
				DEVELOPMENT_TEAM = KPA26N4668;
				GENERATE_INFOPLIST_FILE = YES;
				LD_RUNPATH_SEARCH_PATHS = (
					"$(inherited)",
					"@executable_path/Frameworks",
					"@loader_path/Frameworks",
				);
				MARKETING_VERSION = 1.0;
				PRODUCT_BUNDLE_IDENTIFIER = com.sample.LocalizationDemoUITests;
				PRODUCT_NAME = "$(TARGET_NAME)";
				SWIFT_EMIT_LOC_STRINGS = NO;
				SWIFT_VERSION = 5.0;
				TARGETED_DEVICE_FAMILY = "1,2";
				TEST_TARGET_NAME = LocalizationDemo;
			};
			name = Debug;
		};
		BEB61B9A26DAF619003BB0A4 /* Release */ = {
			isa = XCBuildConfiguration;
			buildSettings = {
				ALWAYS_EMBED_SWIFT_STANDARD_LIBRARIES = YES;
				CODE_SIGN_STYLE = Automatic;
				CURRENT_PROJECT_VERSION = 1;
				DEVELOPMENT_TEAM = KPA26N4668;
				GENERATE_INFOPLIST_FILE = YES;
				LD_RUNPATH_SEARCH_PATHS = (
					"$(inherited)",
					"@executable_path/Frameworks",
					"@loader_path/Frameworks",
				);
				MARKETING_VERSION = 1.0;
				PRODUCT_BUNDLE_IDENTIFIER = com.sample.LocalizationDemoUITests;
				PRODUCT_NAME = "$(TARGET_NAME)";
				SWIFT_EMIT_LOC_STRINGS = NO;
				SWIFT_VERSION = 5.0;
				TARGETED_DEVICE_FAMILY = "1,2";
				TEST_TARGET_NAME = LocalizationDemo;
			};
			name = Release;
		};
/* End XCBuildConfiguration section */

/* Begin XCConfigurationList section */
		BEB61B6926DAF618003BB0A4 /* Build configuration list for PBXProject "LocalizationDemo" */ = {
			isa = XCConfigurationList;
			buildConfigurations = (
				BEB61B9026DAF619003BB0A4 /* Debug */,
				BEB61B9126DAF619003BB0A4 /* Release */,
			);
			defaultConfigurationIsVisible = 0;
			defaultConfigurationName = Release;
		};
		BEB61B9226DAF619003BB0A4 /* Build configuration list for PBXNativeTarget "LocalizationDemo" */ = {
			isa = XCConfigurationList;
			buildConfigurations = (
				BEB61B9326DAF619003BB0A4 /* Debug */,
				BEB61B9426DAF619003BB0A4 /* Release */,
			);
			defaultConfigurationIsVisible = 0;
			defaultConfigurationName = Release;
		};
		BEB61B9526DAF619003BB0A4 /* Build configuration list for PBXNativeTarget "LocalizationDemoTests" */ = {
			isa = XCConfigurationList;
			buildConfigurations = (
				BEB61B9626DAF619003BB0A4 /* Debug */,
				BEB61B9726DAF619003BB0A4 /* Release */,
			);
			defaultConfigurationIsVisible = 0;
			defaultConfigurationName = Release;
		};
		BEB61B9826DAF619003BB0A4 /* Build configuration list for PBXNativeTarget "LocalizationDemoUITests" */ = {
			isa = XCConfigurationList;
			buildConfigurations = (
				BEB61B9926DAF619003BB0A4 /* Debug */,
				BEB61B9A26DAF619003BB0A4 /* Release */,
			);
			defaultConfigurationIsVisible = 0;
			defaultConfigurationName = Release;
		};
/* End XCConfigurationList section */
	};
	rootObject = BEB61B6626DAF618003BB0A4 /* Project object */;
}
